
Microsoft Visual Studio Solution File, Format Version 12.00
# Visual Studio 2012
Project("{FAE04EC0-301F-11D3-BF4B-00C04F79EFBC}") = "My.RolePermission.IDAL", "My.RolePermission.IDAL\My.RolePermission.IDAL.csproj", "{56E1064E-A649-40C8-B9FE-D490E89F81DA}"
EndProject
Project("{FAE04EC0-301F-11D3-BF4B-00C04F79EFBC}") = "My.RolePermission.DAL", "My.RolePermission.DAL\My.RolePermission.DAL.csproj", "{5D40B0A6-97C1-491F-BA73-9E0D96B5919B}"
EndProject
Project("{FAE04EC0-301F-11D3-BF4B-00C04F79EFBC}") = "My.RolePermission.IBLL", "My.RolePermission.IBLL\My.RolePermission.IBLL.csproj", "{24732ED6-18A8-4045-B194-1E42588AE007}"
EndProject
Project("{FAE04EC0-301F-11D3-BF4B-00C04F79EFBC}") = "My.RolePermission.BLL", "My.RolePermission.BLL\My.RolePermission.BLL.csproj", "{A21FDDB5-0980-4223-8CF3-2900E7D0271B}"
EndProject
Project("{FAE04EC0-301F-11D3-BF4B-00C04F79EFBC}") = "My.RolePermission.Model", "My.RolePermission.Model\My.RolePermission.Model.csproj", "{04E332D7-42BF-441D-8495-9676E975DFB4}"
EndProject
Project("{FAE04EC0-301F-11D3-BF4B-00C04F79EFBC}") = "My.RolePermission.Common", "My.RolePermission.Common\My.RolePermission.Common.csproj", "{9A85BB22-2255-44AE-9DF4-F7DCF7699DD6}"
EndProject
Project("{FAE04EC0-301F-11D3-BF4B-00C04F79EFBC}") = "My.RolePermission.Ioc", "My.RolePermission.Ioc\My.RolePermission.Ioc.csproj", "{EDB983C1-1EAE-45D6-90CA-31F291A38EAB}"
EndProject
Project("{FAE04EC0-301F-11D3-BF4B-00C04F79EFBC}") = "My.RolePermission.WebApp", "My.RolePermission.WebApp\My.RolePermission.WebApp.csproj", "{02C91D1F-1B9C-44AC-9948-28C226A415E2}"
EndProject
Project("{2150E333-8FDC-42A3-9474-1A3956D46DE8}") = "UI", "UI", "{E6BE8FFD-B385-4225-93AB-ED9215EF39F8}"
EndProject
Project("{2150E333-8FDC-42A3-9474-1A3956D46DE8}") = "Service", "Service", "{77817BFB-4614-4E17-8FCD-849BACD9481F}"
EndProject
Project("{2150E333-8FDC-42A3-9474-1A3956D46DE8}") = "Repository", "Repository", "{89E637A8-667F-4DDD-8B91-B8FEABDDA22F}"
EndProject
Project("{2150E333-8FDC-42A3-9474-1A3956D46DE8}") = "Infrastructure", "Infrastructure", "{5845FFB8-B96F-449F-9174-C5287001A6CC}"
EndProject
Project("{FAE04EC0-301F-11D3-BF4B-00C04F79EFBC}") = "My.RolePermission.DALSessionFactory", "My.RolePermission.DALSessionFactory\My.RolePermission.DALSessionFactory.csproj", "{190AAFBA-C598-46F3-A585-1B65C8593B74}"
EndProject
Global
	GlobalSection(SolutionConfigurationPlatforms) = preSolution
		Debug|Any CPU = Debug|Any CPU
		Release|Any CPU = Release|Any CPU
	EndGlobalSection
	GlobalSection(ProjectConfigurationPlatforms) = postSolution
		{56E1064E-A649-40C8-B9FE-D490E89F81DA}.Debug|Any CPU.ActiveCfg = Debug|Any CPU
		{56E1064E-A649-40C8-B9FE-D490E89F81DA}.Debug|Any CPU.Build.0 = Debug|Any CPU
		{56E1064E-A649-40C8-B9FE-D490E89F81DA}.Release|Any CPU.ActiveCfg = Release|Any CPU
		{56E1064E-A649-40C8-B9FE-D490E89F81DA}.Release|Any CPU.Build.0 = Release|Any CPU
		{5D40B0A6-97C1-491F-BA73-9E0D96B5919B}.Debug|Any CPU.ActiveCfg = Debug|Any CPU
		{5D40B0A6-97C1-491F-BA73-9E0D96B5919B}.Debug|Any CPU.Build.0 = Debug|Any CPU
		{5D40B0A6-97C1-491F-BA73-9E0D96B5919B}.Release|Any CPU.ActiveCfg = Release|Any CPU
		{5D40B0A6-97C1-491F-BA73-9E0D96B5919B}.Release|Any CPU.Build.0 = Release|Any CPU
		{24732ED6-18A8-4045-B194-1E42588AE007}.Debug|Any CPU.ActiveCfg = Debug|Any CPU
		{24732ED6-18A8-4045-B194-1E42588AE007}.Debug|Any CPU.Build.0 = Debug|Any CPU
		{24732ED6-18A8-4045-B194-1E42588AE007}.Release|Any CPU.ActiveCfg = Release|Any CPU
		{24732ED6-18A8-4045-B194-1E42588AE007}.Release|Any CPU.Build.0 = Release|Any CPU
		{A21FDDB5-0980-4223-8CF3-2900E7D0271B}.Debug|Any CPU.ActiveCfg = Debug|Any CPU
		{A21FDDB5-0980-4223-8CF3-2900E7D0271B}.Debug|Any CPU.Build.0 = Debug|Any CPU
		{A21FDDB5-0980-4223-8CF3-2900E7D0271B}.Release|Any CPU.ActiveCfg = Release|Any CPU
		{A21FDDB5-0980-4223-8CF3-2900E7D0271B}.Release|Any CPU.Build.0 = Release|Any CPU
		{04E332D7-42BF-441D-8495-9676E975DFB4}.Debug|Any CPU.ActiveCfg = Debug|Any CPU
		{04E332D7-42BF-441D-8495-9676E975DFB4}.Debug|Any CPU.Build.0 = Debug|Any CPU
		{04E332D7-42BF-441D-8495-9676E975DFB4}.Release|Any CPU.ActiveCfg = Release|Any CPU
		{04E332D7-42BF-441D-8495-9676E975DFB4}.Release|Any CPU.Build.0 = Release|Any CPU
		{9A85BB22-2255-44AE-9DF4-F7DCF7699DD6}.Debug|Any CPU.ActiveCfg = Debug|Any CPU
		{9A85BB22-2255-44AE-9DF4-F7DCF7699DD6}.Debug|Any CPU.Build.0 = Debug|Any CPU
		{9A85BB22-2255-44AE-9DF4-F7DCF7699DD6}.Release|Any CPU.ActiveCfg = Release|Any CPU
		{9A85BB22-2255-44AE-9DF4-F7DCF7699DD6}.Release|Any CPU.Build.0 = Release|Any CPU
		{EDB983C1-1EAE-45D6-90CA-31F291A38EAB}.Debug|Any CPU.ActiveCfg = Debug|Any CPU
		{EDB983C1-1EAE-45D6-90CA-31F291A38EAB}.Debug|Any CPU.Build.0 = Debug|Any CPU
		{EDB983C1-1EAE-45D6-90CA-31F291A38EAB}.Release|Any CPU.ActiveCfg = Release|Any CPU
		{EDB983C1-1EAE-45D6-90CA-31F291A38EAB}.Release|Any CPU.Build.0 = Release|Any CPU
		{02C91D1F-1B9C-44AC-9948-28C226A415E2}.Debug|Any CPU.ActiveCfg = Debug|Any CPU
		{02C91D1F-1B9C-44AC-9948-28C226A415E2}.Debug|Any CPU.Build.0 = Debug|Any CPU
		{02C91D1F-1B9C-44AC-9948-28C226A415E2}.Release|Any CPU.ActiveCfg = Release|Any CPU
		{02C91D1F-1B9C-44AC-9948-28C226A415E2}.Release|Any CPU.Build.0 = Release|Any CPU
		{190AAFBA-C598-46F3-A585-1B65C8593B74}.Debug|Any CPU.ActiveCfg = Debug|Any CPU
		{190AAFBA-C598-46F3-A585-1B65C8593B74}.Debug|Any CPU.Build.0 = Debug|Any CPU
		{190AAFBA-C598-46F3-A585-1B65C8593B74}.Release|Any CPU.ActiveCfg = Release|Any CPU
		{190AAFBA-C598-46F3-A585-1B65C8593B74}.Release|Any CPU.Build.0 = Release|Any CPU
	EndGlobalSection
	GlobalSection(SolutionProperties) = preSolution
		HideSolutionNode = FALSE
	EndGlobalSection
	GlobalSection(NestedProjects) = preSolution
		{5D40B0A6-97C1-491F-BA73-9E0D96B5919B} = {89E637A8-667F-4DDD-8B91-B8FEABDDA22F}
		{56E1064E-A649-40C8-B9FE-D490E89F81DA} = {89E637A8-667F-4DDD-8B91-B8FEABDDA22F}
		{190AAFBA-C598-46F3-A585-1B65C8593B74} = {89E637A8-667F-4DDD-8B91-B8FEABDDA22F}
		{A21FDDB5-0980-4223-8CF3-2900E7D0271B} = {77817BFB-4614-4E17-8FCD-849BACD9481F}
		{24732ED6-18A8-4045-B194-1E42588AE007} = {77817BFB-4614-4E17-8FCD-849BACD9481F}
		{9A85BB22-2255-44AE-9DF4-F7DCF7699DD6} = {5845FFB8-B96F-449F-9174-C5287001A6CC}
		{EDB983C1-1EAE-45D6-90CA-31F291A38EAB} = {5845FFB8-B96F-449F-9174-C5287001A6CC}
		{04E332D7-42BF-441D-8495-9676E975DFB4} = {5845FFB8-B96F-449F-9174-C5287001A6CC}
		{02C91D1F-1B9C-44AC-9948-28C226A415E2} = {E6BE8FFD-B385-4225-93AB-ED9215EF39F8}
	EndGlobalSection
EndGlobal
